// !$*UTF8*$!
{
	archiveVersion = 1;
	classes = {
	};
	objectVersion = 46;
	objects = {

/* Begin PBXBuildFile section */
		B433F6E619FA1AD000B13C31 /* main.m in Sources */ = {isa = PBXBuildFile; fileRef = B433F6E519FA1AD000B13C31 /* main.m */; };
		B433F6E919FA1AD000B13C31 /* AppDelegate.m in Sources */ = {isa = PBXBuildFile; fileRef = B433F6E819FA1AD000B13C31 /* AppDelegate.m */; };
		B433F6EC19FA1AD000B13C31 /* ViewController.m in Sources */ = {isa = PBXBuildFile; fileRef = B433F6EB19FA1AD000B13C31 /* ViewController.m */; };
		B433F6EF19FA1AD000B13C31 /* Main.storyboard in Resources */ = {isa = PBXBuildFile; fileRef = B433F6ED19FA1AD000B13C31 /* Main.storyboard */; };
		B433F6F119FA1AD000B13C31 /* Images.xcassets in Resources */ = {isa = PBXBuildFile; fileRef = B433F6F019FA1AD000B13C31 /* Images.xcassets */; };
		B433F6F419FA1AD000B13C31 /* LaunchScreen.xib in Resources */ = {isa = PBXBuildFile; fileRef = B433F6F219FA1AD000B13C31 /* LaunchScreen.xib */; };
/* End PBXBuildFile section */

/* Begin PBXFileReference section */
		B433F6E019FA1AD000B13C31 /* InteractiveNotification.app */ = {isa = PBXFileReference; explicitFileType = wrapper.application; includeInIndex = 0; path = InteractiveNotification.app; sourceTree = BUILT_PRODUCTS_DIR; };
		B433F6E419FA1AD000B13C31 /* Info.plist */ = {isa = PBXFileReference; lastKnownFileType = text.plist.xml; path = Info.plist; sourceTree = "<group>"; };
		B433F6E519FA1AD000B13C31 /* main.m */ = {isa = PBXFileReference; lastKnownFileType = sourcecode.c.objc; path = main.m; sourceTree = "<group>"; };
		B433F6E719FA1AD000B13C31 /* AppDelegate.h */ = {isa = PBXFileReference; lastKnownFileType = sourcecode.c.h; path = AppDelegate.h; sourceTree = "<group>"; };
		B433F6E819FA1AD000B13C31 /* AppDelegate.m */ = {isa = PBXFileReference; lastKnownFileType = sourcecode.c.objc; path = AppDelegate.m; sourceTree = "<group>"; };
		B433F6EA19FA1AD000B13C31 /* ViewController.h */ = {isa = PBXFileReference; lastKnownFileType = sourcecode.c.h; path = ViewController.h; sourceTree = "<group>"; };
		B433F6EB19FA1AD000B13C31 /* ViewController.m */ = {isa = PBXFileReference; lastKnownFileType = sourcecode.c.objc; path = ViewController.m; sourceTree = "<group>"; };
		B433F6EE19FA1AD000B13C31 /* Base */ = {isa = PBXFileReference; lastKnownFileType = file.storyboard; name = Base; path = Base.lproj/Main.storyboard; sourceTree = "<group>"; };
		B433F6F019FA1AD000B13C31 /* Images.xcassets */ = {isa = PBXFileReference; lastKnownFileType = folder.assetcatalog; path = Images.xcassets; sourceTree = "<group>"; };
		B433F6F319FA1AD000B13C31 /* Base */ = {isa = PBXFileReference; lastKnownFileType = file.xib; name = Base; path = Base.lproj/LaunchScreen.xib; sourceTree = "<group>"; };
/* End PBXFileReference section */

/* Begin PBXFrameworksBuildPhase section */
		B433F6DD19FA1AD000B13C31 /* Frameworks */ = {
			isa = PBXFrameworksBuildPhase;
			buildActionMask = 2147483647;
			files = (
			);
			runOnlyForDeploymentPostprocessing = 0;
		};
/* End PBXFrameworksBuildPhase section */

/* Begin PBXGroup section */
		B433F6D719FA1AD000B13C31 = {
			isa = PBXGroup;
			children = (
				B433F6E219FA1AD000B13C31 /* InteractiveNotification */,
				B433F6E119FA1AD000B13C31 /* Products */,
			);
			sourceTree = "<group>";
		};
		B433F6E119FA1AD000B13C31 /* Products */ = {
			isa = PBXGroup;
			children = (
				B433F6E019FA1AD000B13C31 /* InteractiveNotification.app */,
			);
			name = Products;
			sourceTree = "<group>";
		};
		B433F6E219FA1AD000B13C31 /* InteractiveNotification */ = {
			isa = PBXGroup;
			children = (
				B433F6E719FA1AD000B13C31 /* AppDelegate.h */,
				B433F6E819FA1AD000B13C31 /* AppDelegate.m */,
				B433F6EA19FA1AD000B13C31 /* ViewController.h */,
				B433F6EB19FA1AD000B13C31 /* ViewController.m */,
				B433F6ED19FA1AD000B13C31 /* Main.storyboard */,
				B433F6F019FA1AD000B13C31 /* Images.xcassets */,
				B433F6F219FA1AD000B13C31 /* LaunchScreen.xib */,
				B433F6E319FA1AD000B13C31 /* Supporting Files */,
			);
			path = InteractiveNotification;
			sourceTree = "<group>";
		};
		B433F6E319FA1AD000B13C31 /* Supporting Files */ = {
			isa = PBXGroup;
			children = (
				B433F6E419FA1AD000B13C31 /* Info.plist */,
				B433F6E519FA1AD000B13C31 /* main.m */,
			);
			name = "Supporting Files";
			sourceTree = "<group>";
		};
/* End PBXGroup section */

/* Begin PBXNativeTarget section */
		B433F6DF19FA1AD000B13C31 /* InteractiveNotification */ = {
			isa = PBXNativeTarget;
			buildConfigurationList = B433F70319FA1AD000B13C31 /* Build configuration list for PBXNativeTarget "InteractiveNotification" */;
			buildPhases = (
				B433F6DC19FA1AD000B13C31 /* Sources */,
				B433F6DD19FA1AD000B13C31 /* Frameworks */,
				B433F6DE19FA1AD000B13C31 /* Resources */,
			);
			buildRules = (
			);
			dependencies = (
			);
			name = InteractiveNotification;
			productName = InteractiveNotification;
			productReference = B433F6E019FA1AD000B13C31 /* InteractiveNotification.app */;
			productType = "com.apple.product-type.application";
		};
/* End PBXNativeTarget section */

/* Begin PBXProject section */
		B433F6D819FA1AD000B13C31 /* Project object */ = {
			isa = PBXProject;
			attributes = {
				LastUpgradeCheck = 0610;
				ORGANIZATIONNAME = Hunk;
				TargetAttributes = {
					B433F6DF19FA1AD000B13C31 = {
						CreatedOnToolsVersion = 6.1;
					};
				};
			};
			buildConfigurationList = B433F6DB19FA1AD000B13C31 /* Build configuration list for PBXProject "InteractiveNotification" */;
			compatibilityVersion = "Xcode 3.2";
			developmentRegion = English;
			hasScannedForEncodings = 0;
			knownRegions = (
				en,
				Base,
			);
			mainGroup = B433F6D719FA1AD000B13C31;
			productRefGroup = B433F6E119FA1AD000B13C31 /* Products */;
			projectDirPath = "";
			projectRoot = "";
			targets = (
				B433F6DF19FA1AD000B13C31 /* InteractiveNotification */,
			);
		};
/* End PBXProject section */

/* Begin PBXResourcesBuildPhase section */
		B433F6DE19FA1AD000B13C31 /* Resources */ = {
			isa = PBXResourcesBuildPhase;
			buildActionMask = 2147483647;
			files = (
				B433F6EF19FA1AD000B13C31 /* Main.storyboard in Resources */,
				B433F6F419FA1AD000B13C31 /* LaunchScreen.xib in Resources */,
				B433F6F119FA1AD000B13C31 /* Images.xcassets in Resources */,
			);
			runOnlyForDeploymentPostprocessing = 0;
		};
/* End PBXResourcesBuildPhase section */

/* Begin PBXSourcesBuildPhase section */
		B433F6DC19FA1AD000B13C31 /* Sources */ = {
			isa = PBXSourcesBuildPhase;
			buildActionMask = 2147483647;
			files = (
				B433F6EC19FA1AD000B13C31 /* ViewController.m in Sources */,
				B433F6E919FA1AD000B13C31 /* AppDelegate.m in Sources */,
				B433F6E619FA1AD000B13C31 /* main.m in Sources */,
			);
			runOnlyForDeploymentPostprocessing = 0;
		};
/* End PBXSourcesBuildPhase section */

/* Begin PBXVariantGroup section */
		B433F6ED19FA1AD000B13C31 /* Main.storyboard */ = {
			isa = PBXVariantGroup;
			children = (
				B433F6EE19FA1AD000B13C31 /* Base */,
			);
			name = Main.storyboard;
			sourceTree = "<group>";
		};
		B433F6F219FA1AD000B13C31 /* LaunchScreen.xib */ = {
			isa = PBXVariantGroup;
			children = (
				B433F6F319FA1AD000B13C31 /* Base */,
			);
			name = LaunchScreen.xib;
			sourceTree = "<group>";
		};
/* End PBXVariantGroup section */

/* Begin XCBuildConfiguration section */
		B433F70119FA1AD000B13C31 /* Debug */ = {
			isa = XCBuildConfiguration;
			buildSettings = {
				ALWAYS_SEARCH_USER_PATHS = NO;
				CLANG_CXX_LANGUAGE_STANDARD = "gnu++0x";
				CLANG_CXX_LIBRARY = "libc++";
				CLANG_ENABLE_MODULES = YES;
				CLANG_ENABLE_OBJC_ARC = YES;
				CLANG_WARN_BOOL_CONVERSION = YES;
				CLANG_WARN_CONSTANT_CONVERSION = YES;
				CLANG_WARN_DIRECT_OBJC_ISA_USAGE = YES_ERROR;
				CLANG_WARN_EMPTY_BODY = YES;
				CLANG_WARN_ENUM_CONVERSION = YES;
				CLANG_WARN_INT_CONVERSION = YES;
				CLANG_WARN_OBJC_ROOT_CLASS = YES_ERROR;
				CLANG_WARN_UNREACHABLE_CODE = YES;
				CLANG_WARN__DUPLICATE_METHOD_MATCH = YES;
				"CODE_SIGN_IDENTITY[sdk=iphoneos*]" = "iPhone Developer";
				COPY_PHASE_STRIP = NO;
				ENABLE_STRICT_OBJC_MSGSEND = YES;
				GCC_C_LANGUAGE_STANDARD = gnu99;
				GCC_DYNAMIC_NO_PIC = NO;
				GCC_OPTIMIZATION_LEVEL = 0;
				GCC_PREPROCESSOR_DEFINITIONS = (
					"DEBUG=1",
					"$(inherited)",
				);
				GCC_SYMBOLS_PRIVATE_EXTERN = NO;
				GCC_WARN_64_TO_32_BIT_CONVERSION = YES;
				GCC_WARN_ABOUT_RETURN_TYPE = YES_ERROR;
				GCC_WARN_UNDECLARED_SELECTOR = YES;
				GCC_WARN_UNINITIALIZED_AUTOS = YES_AGGRESSIVE;
				GCC_WARN_UNUSED_FUNCTION = YES;
				GCC_WARN_UNUSED_VARIABLE = YES;
				IPHONEOS_DEPLOYMENT_TARGET = 8.1;
				MTL_ENABLE_DEBUG_INFO = YES;
				ONLY_ACTIVE_ARCH = YES;
				SDKROOT = iphoneos;
			};
			name = Debug;
		};
		B433F70219FA1AD000B13C31 /* Release */ = {
			isa = XCBuildConfiguration;
			buildSettings = {
				ALWAYS_SEARCH_USER_PATHS = NO;
				CLANG_CXX_LANGUAGE_STANDARD = "gnu++0x";
				CLANG_CXX_LIBRARY = "libc++";
				CLANG_ENABLE_MODULES = YES;
				CLANG_ENABLE_OBJC_ARC = YES;
				CLANG_WARN_BOOL_CONVERSION = YES;
				CLANG_WARN_CONSTANT_CONVERSION = YES;
				CLANG_WARN_DIRECT_OBJC_ISA_USAGE = YES_ERROR;
				CLANG_WARN_EMPTY_BODY = YES;
				CLANG_WARN_ENUM_CONVERSION = YES;
				CLANG_WARN_INT_CONVERSION = YES;
				CLANG_WARN_OBJC_ROOT_CLASS = YES_ERROR;
				CLANG_WARN_UNREACHABLE_CODE = YES;
				CLANG_WARN__DUPLICATE_METHOD_MATCH = YES;
				"CODE_SIGN_IDENTITY[sdk=iphoneos*]" = "iPhone Developer";
				COPY_PHASE_STRIP = YES;
				ENABLE_NS_ASSERTIONS = NO;
				ENABLE_STRICT_OBJC_MSGSEND = YES;
				GCC_C_LANGUAGE_STANDARD = gnu99;
				GCC_WARN_64_TO_32_BIT_CONVERSION = YES;
				GCC_WARN_ABOUT_RETURN_TYPE = YES_ERROR;
				GCC_WARN_UNDECLARED_SELECTOR = YES;
				GCC_WARN_UNINITIALIZED_AUTOS = YES_AGGRESSIVE;
				GCC_WARN_UNUSED_FUNCTION = YES;
				GCC_WARN_UNUSED_VARIABLE = YES;
				IPHONEOS_DEPLOYMENT_TARGET = 8.1;
				MTL_ENABLE_DEBUG_INFO = NO;
				SDKROOT = iphoneos;
				VALIDATE_PRODUCT = YES;
			};
			name = Release;
		};
		B433F70419FA1AD000B13C31 /* Debug */ = {
			isa = XCBuildConfiguration;
			buildSettings = {
				ASSETCATALOG_COMPILER_APPICON_NAME = AppIcon;
				INFOPLIST_FILE = InteractiveNotification/Info.plist;
				LD_RUNPATH_SEARCH_PATHS = "$(inherited) @executable_path/Frameworks";
				PRODUCT_NAME = "$(TARGET_NAME)";
			};
			name = Debug;
		};
		B433F70519FA1AD000B13C31 /* Release */ = {
			isa = XCBuildConfiguration;
			buildSettings = {
				ASSETCATALOG_COMPILER_APPICON_NAME = AppIcon;
				INFOPLIST_FILE = InteractiveNotification/Info.plist;
				LD_RUNPATH_SEARCH_PATHS = "$(inherited) @executable_path/Frameworks";
				PRODUCT_NAME = "$(TARGET_NAME)";
			};
			name = Release;
		};
/* End XCBuildConfiguration section */

/* Begin XCConfigurationList section */
		B433F6DB19FA1AD000B13C31 /* Build configuration list for PBXProject "InteractiveNotification" */ = {
			isa = XCConfigurationList;
			buildConfigurations = (
				B433F70119FA1AD000B13C31 /* Debug */,
				B433F70219FA1AD000B13C31 /* Release */,
			);
			defaultConfigurationIsVisible = 0;
			defaultConfigurationName = Release;
		};
		B433F70319FA1AD000B13C31 /* Build configuration list for PBXNativeTarget "InteractiveNotification" */ = {
			isa = XCConfigurationList;
			buildConfigurations = (
				B433F70419FA1AD000B13C31 /* Debug */,
				B433F70519FA1AD000B13C31 /* Release */,
			);
			defaultConfigurationIsVisible = 0;
		};
/* End XCConfigurationList section */
	};
	rootObject = B433F6D819FA1AD000B13C31 /* Project object */;
}
